
Microsoft Visual Studio Solution File, Format Version 12.00
# Visual Studio Version 17
VisualStudioVersion = 17.1.32228.430
MinimumVisualStudioVersion = 10.0.40219.1
Project("{9A19103F-16F7-4668-BE54-9A1E7A4F7556}") = "TestProject", "TestProject\TestProject.csproj", "{D251763F-4BF0-4504-ABC5-520A7ED51034}"
EndProject
Project("{9A19103F-16F7-4668-BE54-9A1E7A4F7556}") = "BankBal", "BankBal\BankBal.csproj", "{48DAA41A-FB29-4A95-AD1A-8DB56F648096}"
EndProject
Project("{9A19103F-16F7-4668-BE54-9A1E7A4F7556}") = "BankDal", "BankDal\BankDal.csproj", "{37B31C37-5DD7-463E-9253-668577D38049}"
EndProject
Project("{9A19103F-16F7-4668-BE54-9A1E7A4F7556}") = "BankEntity", "BankEntity\BankEntity.csproj", "{4084C480-E2BC-4A1B-BDB3-95CF5C0EA703}"
EndProject
Project("{9A19103F-16F7-4668-BE54-9A1E7A4F7556}") = "BankApi", "BankApi\BankApi.csproj", "{DAFFD6B0-0F2E-4E3A-96AC-9AA1290A5B5A}"
EndProject
Project("{9A19103F-16F7-4668-BE54-9A1E7A4F7556}") = "BankMvcApp", "BankMvcApp\BankMvcApp.csproj", "{0C13218E-72A1-4893-B267-BABDC67EE4FE}"
EndProject
Global
	GlobalSection(SolutionConfigurationPlatforms) = preSolution
		Debug|Any CPU = Debug|Any CPU
		Release|Any CPU = Release|Any CPU
	EndGlobalSection
	GlobalSection(ProjectConfigurationPlatforms) = postSolution
		{D251763F-4BF0-4504-ABC5-520A7ED51034}.Debug|Any CPU.ActiveCfg = Debug|Any CPU
		{D251763F-4BF0-4504-ABC5-520A7ED51034}.Debug|Any CPU.Build.0 = Debug|Any CPU
		{D251763F-4BF0-4504-ABC5-520A7ED51034}.Release|Any CPU.ActiveCfg = Release|Any CPU
		{D251763F-4BF0-4504-ABC5-520A7ED51034}.Release|Any CPU.Build.0 = Release|Any CPU
		{48DAA41A-FB29-4A95-AD1A-8DB56F648096}.Debug|Any CPU.ActiveCfg = Debug|Any CPU
		{48DAA41A-FB29-4A95-AD1A-8DB56F648096}.Debug|Any CPU.Build.0 = Debug|Any CPU
		{48DAA41A-FB29-4A95-AD1A-8DB56F648096}.Release|Any CPU.ActiveCfg = Release|Any CPU
		{48DAA41A-FB29-4A95-AD1A-8DB56F648096}.Release|Any CPU.Build.0 = Release|Any CPU
		{37B31C37-5DD7-463E-9253-668577D38049}.Debug|Any CPU.ActiveCfg = Debug|Any CPU
		{37B31C37-5DD7-463E-9253-668577D38049}.Debug|Any CPU.Build.0 = Debug|Any CPU
		{37B31C37-5DD7-463E-9253-668577D38049}.Release|Any CPU.ActiveCfg = Release|Any CPU
		{37B31C37-5DD7-463E-9253-668577D38049}.Release|Any CPU.Build.0 = Release|Any CPU
		{4084C480-E2BC-4A1B-BDB3-95CF5C0EA703}.Debug|Any CPU.ActiveCfg = Debug|Any CPU
		{4084C480-E2BC-4A1B-BDB3-95CF5C0EA703}.Debug|Any CPU.Build.0 = Debug|Any CPU
		{4084C480-E2BC-4A1B-BDB3-95CF5C0EA703}.Release|Any CPU.ActiveCfg = Release|Any CPU
		{4084C480-E2BC-4A1B-BDB3-95CF5C0EA703}.Release|Any CPU.Build.0 = Release|Any CPU
		{DAFFD6B0-0F2E-4E3A-96AC-9AA1290A5B5A}.Debug|Any CPU.ActiveCfg = Debug|Any CPU
		{DAFFD6B0-0F2E-4E3A-96AC-9AA1290A5B5A}.Debug|Any CPU.Build.0 = Debug|Any CPU
		{DAFFD6B0-0F2E-4E3A-96AC-9AA1290A5B5A}.Release|Any CPU.ActiveCfg = Release|Any CPU
		{DAFFD6B0-0F2E-4E3A-96AC-9AA1290A5B5A}.Release|Any CPU.Build.0 = Release|Any CPU
		{0C13218E-72A1-4893-B267-BABDC67EE4FE}.Debug|Any CPU.ActiveCfg = Debug|Any CPU
		{0C13218E-72A1-4893-B267-BABDC67EE4FE}.Debug|Any CPU.Build.0 = Debug|Any CPU
		{0C13218E-72A1-4893-B267-BABDC67EE4FE}.Release|Any CPU.ActiveCfg = Release|Any CPU
		{0C13218E-72A1-4893-B267-BABDC67EE4FE}.Release|Any CPU.Build.0 = Release|Any CPU
	EndGlobalSection
	GlobalSection(SolutionProperties) = preSolution
		HideSolutionNode = FALSE
	EndGlobalSection
	GlobalSection(ExtensibilityGlobals) = postSolution
		SolutionGuid = {893705FF-13C7-4225-BDCE-DAC061582794}
	EndGlobalSection
EndGlobal
