
Microsoft Visual Studio Solution File, Format Version 12.00
# Visual Studio Version 17
VisualStudioVersion = 17.1.32228.430
MinimumVisualStudioVersion = 10.0.40219.1
Project("{9A19103F-16F7-4668-BE54-9A1E7A4F7556}") = "Banking", "Banking\Banking.csproj", "{17CE5A58-3AD2-46EC-B695-F2E22A7D7A18}"
EndProject
Project("{9A19103F-16F7-4668-BE54-9A1E7A4F7556}") = "TestProject", "TestProject\TestProject.csproj", "{D251763F-4BF0-4504-ABC5-520A7ED51034}"
EndProject
Project("{FAE04EC0-301F-11D3-BF4B-00C04F79EFBC}") = "BankBal", "BankBal\BankBal.csproj", "{48DAA41A-FB29-4A95-AD1A-8DB56F648096}"
EndProject
Project("{FAE04EC0-301F-11D3-BF4B-00C04F79EFBC}") = "BankDal", "BankDal\BankDal.csproj", "{37B31C37-5DD7-463E-9253-668577D38049}"
EndProject
Project("{FAE04EC0-301F-11D3-BF4B-00C04F79EFBC}") = "BankEntity", "BankEntity\BankEntity.csproj", "{4084C480-E2BC-4A1B-BDB3-95CF5C0EA703}"
EndProject
Global
	GlobalSection(SolutionConfigurationPlatforms) = preSolution
		Debug|Any CPU = Debug|Any CPU
		Release|Any CPU = Release|Any CPU
	EndGlobalSection
	GlobalSection(ProjectConfigurationPlatforms) = postSolution
		{17CE5A58-3AD2-46EC-B695-F2E22A7D7A18}.Debug|Any CPU.ActiveCfg = Debug|Any CPU
		{17CE5A58-3AD2-46EC-B695-F2E22A7D7A18}.Debug|Any CPU.Build.0 = Debug|Any CPU
		{17CE5A58-3AD2-46EC-B695-F2E22A7D7A18}.Release|Any CPU.ActiveCfg = Release|Any CPU
		{17CE5A58-3AD2-46EC-B695-F2E22A7D7A18}.Release|Any CPU.Build.0 = Release|Any CPU
		{D251763F-4BF0-4504-ABC5-520A7ED51034}.Debug|Any CPU.ActiveCfg = Debug|Any CPU
		{D251763F-4BF0-4504-ABC5-520A7ED51034}.Debug|Any CPU.Build.0 = Debug|Any CPU
		{D251763F-4BF0-4504-ABC5-520A7ED51034}.Release|Any CPU.ActiveCfg = Release|Any CPU
		{D251763F-4BF0-4504-ABC5-520A7ED51034}.Release|Any CPU.Build.0 = Release|Any CPU
		{48DAA41A-FB29-4A95-AD1A-8DB56F648096}.Debug|Any CPU.ActiveCfg = Debug|Any CPU
		{48DAA41A-FB29-4A95-AD1A-8DB56F648096}.Debug|Any CPU.Build.0 = Debug|Any CPU
		{48DAA41A-FB29-4A95-AD1A-8DB56F648096}.Release|Any CPU.ActiveCfg = Release|Any CPU
		{48DAA41A-FB29-4A95-AD1A-8DB56F648096}.Release|Any CPU.Build.0 = Release|Any CPU
		{37B31C37-5DD7-463E-9253-668577D38049}.Debug|Any CPU.ActiveCfg = Debug|Any CPU
		{37B31C37-5DD7-463E-9253-668577D38049}.Debug|Any CPU.Build.0 = Debug|Any CPU
		{37B31C37-5DD7-463E-9253-668577D38049}.Release|Any CPU.ActiveCfg = Release|Any CPU
		{37B31C37-5DD7-463E-9253-668577D38049}.Release|Any CPU.Build.0 = Release|Any CPU
		{4084C480-E2BC-4A1B-BDB3-95CF5C0EA703}.Debug|Any CPU.ActiveCfg = Debug|Any CPU
		{4084C480-E2BC-4A1B-BDB3-95CF5C0EA703}.Debug|Any CPU.Build.0 = Debug|Any CPU
		{4084C480-E2BC-4A1B-BDB3-95CF5C0EA703}.Release|Any CPU.ActiveCfg = Release|Any CPU
		{4084C480-E2BC-4A1B-BDB3-95CF5C0EA703}.Release|Any CPU.Build.0 = Release|Any CPU
	EndGlobalSection
	GlobalSection(SolutionProperties) = preSolution
		HideSolutionNode = FALSE
	EndGlobalSection
	GlobalSection(ExtensibilityGlobals) = postSolution
		SolutionGuid = {893705FF-13C7-4225-BDCE-DAC061582794}
	EndGlobalSection
EndGlobal
